
Microsoft Visual Studio Solution File, Format Version 12.00
Project("{FAE04EC0-301F-11D3-BF4B-00C04F79EFBC}") = "SimpleTcpClient", "SimpleTcpClient\SimpleTcpClient.csproj", "{C9B19B87-ADE2-4DE4-9EE8-5316A5520FD9}"
EndProject
Global
	GlobalSection(SolutionConfigurationPlatforms) = preSolution
		Debug|Any CPU = Debug|Any CPU
		Release|Any CPU = Release|Any CPU
	EndGlobalSection
	GlobalSection(ProjectConfigurationPlatforms) = postSolution
		{C9B19B87-ADE2-4DE4-9EE8-5316A5520FD9}.Debug|Any CPU.ActiveCfg = Debug|Any CPU
		{C9B19B87-ADE2-4DE4-9EE8-5316A5520FD9}.Debug|Any CPU.Build.0 = Debug|Any CPU
		{C9B19B87-ADE2-4DE4-9EE8-5316A5520FD9}.Release|Any CPU.ActiveCfg = Release|Any CPU
		{C9B19B87-ADE2-4DE4-9EE8-5316A5520FD9}.Release|Any CPU.Build.0 = Release|Any CPU
	EndGlobalSection
EndGlobal
